
Microsoft Visual Studio Solution File, Format Version 12.00
# Visual Studio Version 16
VisualStudioVersion = 16.0.29920.165
MinimumVisualStudioVersion = 10.0.40219.1
Project("{FAE04EC0-301F-11D3-BF4B-00C04F79EFBC}") = "MvcMovie", "MvcMovie.csproj", "{8C2904F1-5D0F-4624-8556-C537F701EE49}"
EndProject
Global
	GlobalSection(SolutionConfigurationPlatforms) = preSolution
		Debug|Any CPU = Debug|Any CPU
		Release|Any CPU = Release|Any CPU
	EndGlobalSection
	GlobalSection(ProjectConfigurationPlatforms) = postSolution
		{8C2904F1-5D0F-4624-8556-C537F701EE49}.Debug|Any CPU.ActiveCfg = Debug|Any CPU
		{8C2904F1-5D0F-4624-8556-C537F701EE49}.Debug|Any CPU.Build.0 = Debug|Any CPU
		{8C2904F1-5D0F-4624-8556-C537F701EE49}.Release|Any CPU.ActiveCfg = Release|Any CPU
		{8C2904F1-5D0F-4624-8556-C537F701EE49}.Release|Any CPU.Build.0 = Release|Any CPU
	EndGlobalSection
	GlobalSection(SolutionProperties) = preSolution
		HideSolutionNode = FALSE
	EndGlobalSection
	GlobalSection(ExtensibilityGlobals) = postSolution
		SolutionGuid = {3C3595DB-F33A-4C49-9DE9-C4C60988A29F}
	EndGlobalSection
EndGlobal
